<?xml version="1.0" encoding="utf-8"?>
<Project ToolsVersion="16.0" xmlns="http://schemas.microsoft.com/developer/msbuild/2003">
  <ItemGroup>
    <ClCompile Include="C:\Users\dev\source\repos\cs472spring2021team8\Autocoder\Generation\generate.cpp">
      <Filter>Source Files</Filter>
    </ClCompile>
    <ClCompile Include="C:\Users\dev\source\repos\cs472spring2021team8\Autocoder\Generation\generate_functions\generate_states.cpp">
      <Filter>Source Files</Filter>
    </ClCompile>
    <ClCompile Include="C:\Users\dev\source\repos\cs472spring2021team8\Autocoder\Generation\generate_functions\generate_main.cpp">
      <Filter>Source Files</Filter>
    </ClCompile>
    <ClCompile Include="C:\Users\dev\source\repos\cs472spring2021team8\Autocoder\Generation\generate_functions\generate_cmake.cpp">
      <Filter>Source Files</Filter>
    </ClCompile>
    <ClCompile Include="C:\Users\dev\source\repos\cs472spring2021team8\Autocoder\Generation\generate_functions\generate_HSMState.cpp">
      <Filter>Source Files</Filter>
    </ClCompile>
    <ClCompile Include="C:\Users\dev\source\repos\cs472spring2021team8\Autocoder\Generation\generate_functions\generate_HSM.cpp">
      <Filter>Source Files</Filter>
    </ClCompile>
    <ClCompile Include="C:\Users\dev\source\repos\cs472spring2021team8\Autocoder\Generation\generate_functions\generate_eventJSON.cpp">
      <Filter>Source Files</Filter>
    </ClCompile>
    <ClCompile Include="C:\Users\dev\source\repos\cs472spring2021team8\Autocoder\Generation\generate_functions\generate_UserObjects.cpp">
      <Filter>Source Files</Filter>
    </ClCompile>
    <ClCompile Include="C:\Users\dev\source\repos\cs472spring2021team8\Autocoder\Generation\Node\Node.cpp">
      <Filter>Source Files</Filter>
    </ClCompile>
    <ClCompile Include="C:\Users\dev\source\repos\cs472spring2021team8\Autocoder\Generation\Event\Event.cpp">
      <Filter>Source Files</Filter>
    </ClCompile>
  </ItemGroup>
  <ItemGroup>
    <ClInclude Include="C:\Users\dev\source\repos\cs472spring2021team8\Autocoder\Generation\generate_functions\generate_states.h">
      <Filter>Header Files</Filter>
    </ClInclude>
    <ClInclude Include="C:\Users\dev\source\repos\cs472spring2021team8\Autocoder\Generation\generate_functions\generate_main.h">
      <Filter>Header Files</Filter>
    </ClInclude>
    <ClInclude Include="C:\Users\dev\source\repos\cs472spring2021team8\Autocoder\Generation\generate_functions\generate_cmake.h">
      <Filter>Header Files</Filter>
    </ClInclude>
    <ClInclude Include="C:\Users\dev\source\repos\cs472spring2021team8\Autocoder\Generation\generate_functions\generate_HSMState.h">
      <Filter>Header Files</Filter>
    </ClInclude>
    <ClInclude Include="C:\Users\dev\source\repos\cs472spring2021team8\Autocoder\Generation\generate_functions\generate_HSM.h">
      <Filter>Header Files</Filter>
    </ClInclude>
    <ClInclude Include="C:\Users\dev\source\repos\cs472spring2021team8\Autocoder\Generation\generate_functions\generate_eventJSON.h">
      <Filter>Header Files</Filter>
    </ClInclude>
    <ClInclude Include="C:\Users\dev\source\repos\cs472spring2021team8\Autocoder\Generation\generate_functions\generate_UserObjects.h">
      <Filter>Header Files</Filter>
    </ClInclude>
    <ClInclude Include="C:\Users\dev\source\repos\cs472spring2021team8\Autocoder\Generation\Node\Node.h">
      <Filter>Header Files</Filter>
    </ClInclude>
    <ClInclude Include="C:\Users\dev\source\repos\cs472spring2021team8\Autocoder\Generation\JSON\json.hpp">
      <Filter>Header Files</Filter>
    </ClInclude>
    <ClInclude Include="C:\Users\dev\source\repos\cs472spring2021team8\Autocoder\Generation\Transition\Transition.h">
      <Filter>Header Files</Filter>
    </ClInclude>
    <ClInclude Include="C:\Users\dev\source\repos\cs472spring2021team8\Autocoder\Generation\Junction\Junction.h">
      <Filter>Header Files</Filter>
    </ClInclude>
    <ClInclude Include="C:\Users\dev\source\repos\cs472spring2021team8\Autocoder\Generation\Variable\Variable.h">
      <Filter>Header Files</Filter>
    </ClInclude>
    <ClInclude Include="C:\Users\dev\source\repos\cs472spring2021team8\Autocoder\Generation\Event\Event.h">
      <Filter>Header Files</Filter>
    </ClInclude>
  </ItemGroup>
  <ItemGroup>
    <CustomBuild Include="C:\Users\dev\source\repos\cs472spring2021team8\Autocoder\Generation\CMakeLists.txt" />
  </ItemGroup>
  <ItemGroup>
    <Filter Include="Header Files">
      <UniqueIdentifier>{155B804A-779B-3605-9736-58314F61BAEE}</UniqueIdentifier>
    </Filter>
    <Filter Include="Source Files">
      <UniqueIdentifier>{6DAC2B12-A49C-3856-A2D1-03A96631A5DD}</UniqueIdentifier>
    </Filter>
  </ItemGroup>
</Project>
